
Microsoft Visual Studio Solution File, Format Version 12.00
# Visual Studio Version 16
VisualStudioVersion = 16.0.32126.315
MinimumVisualStudioVersion = 10.0.40219.1
Project("{FAE04EC0-301F-11D3-BF4B-00C04F79EFBC}") = "ParkingLocationsOnTheMap.WebUI", "ParkingLocationsOnTheMap.WebUI\ParkingLocationsOnTheMap.WebUI.csproj", "{0349C2F2-80E0-42F0-A3DE-3C53614FC0B3}"
EndProject
Global
	GlobalSection(SolutionConfigurationPlatforms) = preSolution
		Debug|Any CPU = Debug|Any CPU
		Release|Any CPU = Release|Any CPU
	EndGlobalSection
	GlobalSection(ProjectConfigurationPlatforms) = postSolution
		{0349C2F2-80E0-42F0-A3DE-3C53614FC0B3}.Debug|Any CPU.ActiveCfg = Debug|Any CPU
		{0349C2F2-80E0-42F0-A3DE-3C53614FC0B3}.Debug|Any CPU.Build.0 = Debug|Any CPU
		{0349C2F2-80E0-42F0-A3DE-3C53614FC0B3}.Release|Any CPU.ActiveCfg = Release|Any CPU
		{0349C2F2-80E0-42F0-A3DE-3C53614FC0B3}.Release|Any CPU.Build.0 = Release|Any CPU
	EndGlobalSection
	GlobalSection(SolutionProperties) = preSolution
		HideSolutionNode = FALSE
	EndGlobalSection
	GlobalSection(ExtensibilityGlobals) = postSolution
		SolutionGuid = {499311C7-166B-4F27-839C-AE689326DD31}
	EndGlobalSection
EndGlobal
